
Microsoft Visual Studio Solution File, Format Version 12.00
# Visual Studio Version 17
VisualStudioVersion = 17.12.35707.178 d17.12
MinimumVisualStudioVersion = 10.0.40219.1
Project("{FAE04EC0-301F-11D3-BF4B-00C04F79EFBC}") = "multibot", "multibot.csproj", "{7879EC63-F192-4F37-884D-B82A1FC7005C}"
EndProject
Global
	GlobalSection(SolutionConfigurationPlatforms) = preSolution
		Debug|Any CPU = Debug|Any CPU
		Release|Any CPU = Release|Any CPU
	EndGlobalSection
	GlobalSection(ProjectConfigurationPlatforms) = postSolution
		{7879EC63-F192-4F37-884D-B82A1FC7005C}.Debug|Any CPU.ActiveCfg = Debug|Any CPU
		{7879EC63-F192-4F37-884D-B82A1FC7005C}.Debug|Any CPU.Build.0 = Debug|Any CPU
		{7879EC63-F192-4F37-884D-B82A1FC7005C}.Release|Any CPU.ActiveCfg = Release|Any CPU
		{7879EC63-F192-4F37-884D-B82A1FC7005C}.Release|Any CPU.Build.0 = Release|Any CPU
	EndGlobalSection
	GlobalSection(SolutionProperties) = preSolution
		HideSolutionNode = FALSE
	EndGlobalSection
EndGlobal
